
Microsoft Visual Studio Solution File, Format Version 12.00
# Visual Studio Version 16
VisualStudioVersion = 16.0.30523.141
MinimumVisualStudioVersion = 10.0.40219.1
Project("{8BC9CEB8-8B4A-11D0-8D11-00A0C91BC942}") = "AStar", "AStar\AStar.vcxproj", "{84EB4223-F3BE-40C6-8301-406C04154ACC}"
EndProject
Global
	GlobalSection(SolutionConfigurationPlatforms) = preSolution
		Debug|x64 = Debug|x64
		Debug|x86 = Debug|x86
		Release|x64 = Release|x64
		Release|x86 = Release|x86
	EndGlobalSection
	GlobalSection(ProjectConfigurationPlatforms) = postSolution
		{84EB4223-F3BE-40C6-8301-406C04154ACC}.Debug|x64.ActiveCfg = Debug|x64
		{84EB4223-F3BE-40C6-8301-406C04154ACC}.Debug|x64.Build.0 = Debug|x64
		{84EB4223-F3BE-40C6-8301-406C04154ACC}.Debug|x86.ActiveCfg = Debug|Win32
		{84EB4223-F3BE-40C6-8301-406C04154ACC}.Debug|x86.Build.0 = Debug|Win32
		{84EB4223-F3BE-40C6-8301-406C04154ACC}.Release|x64.ActiveCfg = Release|x64
		{84EB4223-F3BE-40C6-8301-406C04154ACC}.Release|x64.Build.0 = Release|x64
		{84EB4223-F3BE-40C6-8301-406C04154ACC}.Release|x86.ActiveCfg = Release|Win32
		{84EB4223-F3BE-40C6-8301-406C04154ACC}.Release|x86.Build.0 = Release|Win32
	EndGlobalSection
	GlobalSection(SolutionProperties) = preSolution
		HideSolutionNode = FALSE
	EndGlobalSection
	GlobalSection(ExtensibilityGlobals) = postSolution
		SolutionGuid = {16B585F3-144C-4101-80C8-AD049BB97130}
	EndGlobalSection
EndGlobal
